// !$*UTF8*$!
{
	archiveVersion = 1;
	classes = {
	};
	objectVersion = 46;
	objects = {

/* Begin PBXBuildFile section */
		D197F6AF198FF28600B47114 /* Foundation.framework in Frameworks */ = {isa = PBXBuildFile; fileRef = D197F6AE198FF28600B47114 /* Foundation.framework */; };
		D197F6B1198FF28600B47114 /* CoreGraphics.framework in Frameworks */ = {isa = PBXBuildFile; fileRef = D197F6B0198FF28600B47114 /* CoreGraphics.framework */; };
		D197F6B3198FF28600B47114 /* UIKit.framework in Frameworks */ = {isa = PBXBuildFile; fileRef = D197F6B2198FF28600B47114 /* UIKit.framework */; };
		D197F6B9198FF28600B47114 /* InfoPlist.strings in Resources */ = {isa = PBXBuildFile; fileRef = D197F6B7198FF28600B47114 /* InfoPlist.strings */; };
		D197F6BB198FF28600B47114 /* main.m in Sources */ = {isa = PBXBuildFile; fileRef = D197F6BA198FF28600B47114 /* main.m */; };
		D197F6BF198FF28600B47114 /* AppDelegate.m in Sources */ = {isa = PBXBuildFile; fileRef = D197F6BE198FF28600B47114 /* AppDelegate.m */; };
		D197F6C2198FF28600B47114 /* Main_iPhone.storyboard in Resources */ = {isa = PBXBuildFile; fileRef = D197F6C0198FF28600B47114 /* Main_iPhone.storyboard */; };
		D197F6C5198FF28600B47114 /* Main_iPad.storyboard in Resources */ = {isa = PBXBuildFile; fileRef = D197F6C3198FF28600B47114 /* Main_iPad.storyboard */; };
		D197F6C8198FF28600B47114 /* ViewController.m in Sources */ = {isa = PBXBuildFile; fileRef = D197F6C7198FF28600B47114 /* ViewController.m */; };
		D197F6CA198FF28600B47114 /* Images.xcassets in Resources */ = {isa = PBXBuildFile; fileRef = D197F6C9198FF28600B47114 /* Images.xcassets */; };
		D197F6D1198FF28600B47114 /* XCTest.framework in Frameworks */ = {isa = PBXBuildFile; fileRef = D197F6D0198FF28600B47114 /* XCTest.framework */; };
		D197F6D2198FF28600B47114 /* Foundation.framework in Frameworks */ = {isa = PBXBuildFile; fileRef = D197F6AE198FF28600B47114 /* Foundation.framework */; };
		D197F6D3198FF28600B47114 /* UIKit.framework in Frameworks */ = {isa = PBXBuildFile; fileRef = D197F6B2198FF28600B47114 /* UIKit.framework */; };
		D197F6DB198FF28600B47114 /* InfoPlist.strings in Resources */ = {isa = PBXBuildFile; fileRef = D197F6D9198FF28600B47114 /* InfoPlist.strings */; };
		D197F6DD198FF28600B47114 /* FTGameTests.m in Sources */ = {isa = PBXBuildFile; fileRef = D197F6DC198FF28600B47114 /* FTGameTests.m */; };
/* End PBXBuildFile section */

/* Begin PBXContainerItemProxy section */
		D197F6D4198FF28600B47114 /* PBXContainerItemProxy */ = {
			isa = PBXContainerItemProxy;
			containerPortal = D197F6A3198FF28600B47114 /* Project object */;
			proxyType = 1;
			remoteGlobalIDString = D197F6AA198FF28600B47114;
			remoteInfo = FTGame;
		};
/* End PBXContainerItemProxy section */

/* Begin PBXFileReference section */
		D197F6AB198FF28600B47114 /* FTGame.app */ = {isa = PBXFileReference; explicitFileType = wrapper.application; includeInIndex = 0; path = FTGame.app; sourceTree = BUILT_PRODUCTS_DIR; };
		D197F6AE198FF28600B47114 /* Foundation.framework */ = {isa = PBXFileReference; lastKnownFileType = wrapper.framework; name = Foundation.framework; path = System/Library/Frameworks/Foundation.framework; sourceTree = SDKROOT; };
		D197F6B0198FF28600B47114 /* CoreGraphics.framework */ = {isa = PBXFileReference; lastKnownFileType = wrapper.framework; name = CoreGraphics.framework; path = System/Library/Frameworks/CoreGraphics.framework; sourceTree = SDKROOT; };
		D197F6B2198FF28600B47114 /* UIKit.framework */ = {isa = PBXFileReference; lastKnownFileType = wrapper.framework; name = UIKit.framework; path = System/Library/Frameworks/UIKit.framework; sourceTree = SDKROOT; };
		D197F6B6198FF28600B47114 /* FTGame-Info.plist */ = {isa = PBXFileReference; lastKnownFileType = text.plist.xml; path = "FTGame-Info.plist"; sourceTree = "<group>"; };
		D197F6B8198FF28600B47114 /* en */ = {isa = PBXFileReference; lastKnownFileType = text.plist.strings; name = en; path = en.lproj/InfoPlist.strings; sourceTree = "<group>"; };
		D197F6BA198FF28600B47114 /* main.m */ = {isa = PBXFileReference; lastKnownFileType = sourcecode.c.objc; path = main.m; sourceTree = "<group>"; };
		D197F6BC198FF28600B47114 /* FTGame-Prefix.pch */ = {isa = PBXFileReference; lastKnownFileType = sourcecode.c.h; path = "FTGame-Prefix.pch"; sourceTree = "<group>"; };
		D197F6BD198FF28600B47114 /* AppDelegate.h */ = {isa = PBXFileReference; lastKnownFileType = sourcecode.c.h; path = AppDelegate.h; sourceTree = "<group>"; };
		D197F6BE198FF28600B47114 /* AppDelegate.m */ = {isa = PBXFileReference; lastKnownFileType = sourcecode.c.objc; path = AppDelegate.m; sourceTree = "<group>"; };
		D197F6C1198FF28600B47114 /* Base */ = {isa = PBXFileReference; lastKnownFileType = file.storyboard; name = Base; path = Base.lproj/Main_iPhone.storyboard; sourceTree = "<group>"; };
		D197F6C4198FF28600B47114 /* Base */ = {isa = PBXFileReference; lastKnownFileType = file.storyboard; name = Base; path = Base.lproj/Main_iPad.storyboard; sourceTree = "<group>"; };
		D197F6C6198FF28600B47114 /* ViewController.h */ = {isa = PBXFileReference; lastKnownFileType = sourcecode.c.h; path = ViewController.h; sourceTree = "<group>"; };
		D197F6C7198FF28600B47114 /* ViewController.m */ = {isa = PBXFileReference; lastKnownFileType = sourcecode.c.objc; path = ViewController.m; sourceTree = "<group>"; };
		D197F6C9198FF28600B47114 /* Images.xcassets */ = {isa = PBXFileReference; lastKnownFileType = folder.assetcatalog; path = Images.xcassets; sourceTree = "<group>"; };
		D197F6CF198FF28600B47114 /* FTGameTests.xctest */ = {isa = PBXFileReference; explicitFileType = wrapper.cfbundle; includeInIndex = 0; path = FTGameTests.xctest; sourceTree = BUILT_PRODUCTS_DIR; };
		D197F6D0198FF28600B47114 /* XCTest.framework */ = {isa = PBXFileReference; lastKnownFileType = wrapper.framework; name = XCTest.framework; path = Library/Frameworks/XCTest.framework; sourceTree = DEVELOPER_DIR; };
		D197F6D8198FF28600B47114 /* FTGameTests-Info.plist */ = {isa = PBXFileReference; lastKnownFileType = text.plist.xml; path = "FTGameTests-Info.plist"; sourceTree = "<group>"; };
		D197F6DA198FF28600B47114 /* en */ = {isa = PBXFileReference; lastKnownFileType = text.plist.strings; name = en; path = en.lproj/InfoPlist.strings; sourceTree = "<group>"; };
		D197F6DC198FF28600B47114 /* FTGameTests.m */ = {isa = PBXFileReference; lastKnownFileType = sourcecode.c.objc; path = FTGameTests.m; sourceTree = "<group>"; };
/* End PBXFileReference section */

/* Begin PBXFrameworksBuildPhase section */
		D197F6A8198FF28600B47114 /* Frameworks */ = {
			isa = PBXFrameworksBuildPhase;
			buildActionMask = 2147483647;
			files = (
				D197F6B1198FF28600B47114 /* CoreGraphics.framework in Frameworks */,
				D197F6B3198FF28600B47114 /* UIKit.framework in Frameworks */,
				D197F6AF198FF28600B47114 /* Foundation.framework in Frameworks */,
			);
			runOnlyForDeploymentPostprocessing = 0;
		};
		D197F6CC198FF28600B47114 /* Frameworks */ = {
			isa = PBXFrameworksBuildPhase;
			buildActionMask = 2147483647;
			files = (
				D197F6D1198FF28600B47114 /* XCTest.framework in Frameworks */,
				D197F6D3198FF28600B47114 /* UIKit.framework in Frameworks */,
				D197F6D2198FF28600B47114 /* Foundation.framework in Frameworks */,
			);
			runOnlyForDeploymentPostprocessing = 0;
		};
/* End PBXFrameworksBuildPhase section */

/* Begin PBXGroup section */
		D197F6A2198FF28600B47114 = {
			isa = PBXGroup;
			children = (
				D197F6B4198FF28600B47114 /* FTGame */,
				D197F6D6198FF28600B47114 /* FTGameTests */,
				D197F6AD198FF28600B47114 /* Frameworks */,
				D197F6AC198FF28600B47114 /* Products */,
			);
			sourceTree = "<group>";
		};
		D197F6AC198FF28600B47114 /* Products */ = {
			isa = PBXGroup;
			children = (
				D197F6AB198FF28600B47114 /* FTGame.app */,
				D197F6CF198FF28600B47114 /* FTGameTests.xctest */,
			);
			name = Products;
			sourceTree = "<group>";
		};
		D197F6AD198FF28600B47114 /* Frameworks */ = {
			isa = PBXGroup;
			children = (
				D197F6AE198FF28600B47114 /* Foundation.framework */,
				D197F6B0198FF28600B47114 /* CoreGraphics.framework */,
				D197F6B2198FF28600B47114 /* UIKit.framework */,
				D197F6D0198FF28600B47114 /* XCTest.framework */,
			);
			name = Frameworks;
			sourceTree = "<group>";
		};
		D197F6B4198FF28600B47114 /* FTGame */ = {
			isa = PBXGroup;
			children = (
				D197F6BD198FF28600B47114 /* AppDelegate.h */,
				D197F6BE198FF28600B47114 /* AppDelegate.m */,
				D197F6C0198FF28600B47114 /* Main_iPhone.storyboard */,
				D197F6C3198FF28600B47114 /* Main_iPad.storyboard */,
				D197F6C6198FF28600B47114 /* ViewController.h */,
				D197F6C7198FF28600B47114 /* ViewController.m */,
				D197F6C9198FF28600B47114 /* Images.xcassets */,
				D197F6B5198FF28600B47114 /* Supporting Files */,
			);
			path = FTGame;
			sourceTree = "<group>";
		};
		D197F6B5198FF28600B47114 /* Supporting Files */ = {
			isa = PBXGroup;
			children = (
				D197F6B6198FF28600B47114 /* FTGame-Info.plist */,
				D197F6B7198FF28600B47114 /* InfoPlist.strings */,
				D197F6BA198FF28600B47114 /* main.m */,
				D197F6BC198FF28600B47114 /* FTGame-Prefix.pch */,
			);
			name = "Supporting Files";
			sourceTree = "<group>";
		};
		D197F6D6198FF28600B47114 /* FTGameTests */ = {
			isa = PBXGroup;
			children = (
				D197F6DC198FF28600B47114 /* FTGameTests.m */,
				D197F6D7198FF28600B47114 /* Supporting Files */,
			);
			path = FTGameTests;
			sourceTree = "<group>";
		};
		D197F6D7198FF28600B47114 /* Supporting Files */ = {
			isa = PBXGroup;
			children = (
				D197F6D8198FF28600B47114 /* FTGameTests-Info.plist */,
				D197F6D9198FF28600B47114 /* InfoPlist.strings */,
			);
			name = "Supporting Files";
			sourceTree = "<group>";
		};
/* End PBXGroup section */

/* Begin PBXNativeTarget section */
		D197F6AA198FF28600B47114 /* FTGame */ = {
			isa = PBXNativeTarget;
			buildConfigurationList = D197F6E0198FF28600B47114 /* Build configuration list for PBXNativeTarget "FTGame" */;
			buildPhases = (
				D197F6A7198FF28600B47114 /* Sources */,
				D197F6A8198FF28600B47114 /* Frameworks */,
				D197F6A9198FF28600B47114 /* Resources */,
			);
			buildRules = (
			);
			dependencies = (
			);
			name = FTGame;
			productName = FTGame;
			productReference = D197F6AB198FF28600B47114 /* FTGame.app */;
			productType = "com.apple.product-type.application";
		};
		D197F6CE198FF28600B47114 /* FTGameTests */ = {
			isa = PBXNativeTarget;
			buildConfigurationList = D197F6E3198FF28600B47114 /* Build configuration list for PBXNativeTarget "FTGameTests" */;
			buildPhases = (
				D197F6CB198FF28600B47114 /* Sources */,
				D197F6CC198FF28600B47114 /* Frameworks */,
				D197F6CD198FF28600B47114 /* Resources */,
			);
			buildRules = (
			);
			dependencies = (
				D197F6D5198FF28600B47114 /* PBXTargetDependency */,
			);
			name = FTGameTests;
			productName = FTGameTests;
			productReference = D197F6CF198FF28600B47114 /* FTGameTests.xctest */;
			productType = "com.apple.product-type.bundle.unit-test";
		};
/* End PBXNativeTarget section */

/* Begin PBXProject section */
		D197F6A3198FF28600B47114 /* Project object */ = {
			isa = PBXProject;
			attributes = {
				LastUpgradeCheck = 0510;
				ORGANIZATIONNAME = vizeo;
				TargetAttributes = {
					D197F6CE198FF28600B47114 = {
						TestTargetID = D197F6AA198FF28600B47114;
					};
				};
			};
			buildConfigurationList = D197F6A6198FF28600B47114 /* Build configuration list for PBXProject "FTGame" */;
			compatibilityVersion = "Xcode 3.2";
			developmentRegion = English;
			hasScannedForEncodings = 0;
			knownRegions = (
				en,
				Base,
			);
			mainGroup = D197F6A2198FF28600B47114;
			productRefGroup = D197F6AC198FF28600B47114 /* Products */;
			projectDirPath = "";
			projectRoot = "";
			targets = (
				D197F6AA198FF28600B47114 /* FTGame */,
				D197F6CE198FF28600B47114 /* FTGameTests */,
			);
		};
/* End PBXProject section */

/* Begin PBXResourcesBuildPhase section */
		D197F6A9198FF28600B47114 /* Resources */ = {
			isa = PBXResourcesBuildPhase;
			buildActionMask = 2147483647;
			files = (
				D197F6C5198FF28600B47114 /* Main_iPad.storyboard in Resources */,
				D197F6CA198FF28600B47114 /* Images.xcassets in Resources */,
				D197F6C2198FF28600B47114 /* Main_iPhone.storyboard in Resources */,
				D197F6B9198FF28600B47114 /* InfoPlist.strings in Resources */,
			);
			runOnlyForDeploymentPostprocessing = 0;
		};
		D197F6CD198FF28600B47114 /* Resources */ = {
			isa = PBXResourcesBuildPhase;
			buildActionMask = 2147483647;
			files = (
				D197F6DB198FF28600B47114 /* InfoPlist.strings in Resources */,
			);
			runOnlyForDeploymentPostprocessing = 0;
		};
/* End PBXResourcesBuildPhase section */

/* Begin PBXSourcesBuildPhase section */
		D197F6A7198FF28600B47114 /* Sources */ = {
			isa = PBXSourcesBuildPhase;
			buildActionMask = 2147483647;
			files = (
				D197F6C8198FF28600B47114 /* ViewController.m in Sources */,
				D197F6BF198FF28600B47114 /* AppDelegate.m in Sources */,
				D197F6BB198FF28600B47114 /* main.m in Sources */,
			);
			runOnlyForDeploymentPostprocessing = 0;
		};
		D197F6CB198FF28600B47114 /* Sources */ = {
			isa = PBXSourcesBuildPhase;
			buildActionMask = 2147483647;
			files = (
				D197F6DD198FF28600B47114 /* FTGameTests.m in Sources */,
			);
			runOnlyForDeploymentPostprocessing = 0;
		};
/* End PBXSourcesBuildPhase section */

/* Begin PBXTargetDependency section */
		D197F6D5198FF28600B47114 /* PBXTargetDependency */ = {
			isa = PBXTargetDependency;
			target = D197F6AA198FF28600B47114 /* FTGame */;
			targetProxy = D197F6D4198FF28600B47114 /* PBXContainerItemProxy */;
		};
/* End PBXTargetDependency section */

/* Begin PBXVariantGroup section */
		D197F6B7198FF28600B47114 /* InfoPlist.strings */ = {
			isa = PBXVariantGroup;
			children = (
				D197F6B8198FF28600B47114 /* en */,
			);
			name = InfoPlist.strings;
			sourceTree = "<group>";
		};
		D197F6C0198FF28600B47114 /* Main_iPhone.storyboard */ = {
			isa = PBXVariantGroup;
			children = (
				D197F6C1198FF28600B47114 /* Base */,
			);
			name = Main_iPhone.storyboard;
			sourceTree = "<group>";
		};
		D197F6C3198FF28600B47114 /* Main_iPad.storyboard */ = {
			isa = PBXVariantGroup;
			children = (
				D197F6C4198FF28600B47114 /* Base */,
			);
			name = Main_iPad.storyboard;
			sourceTree = "<group>";
		};
		D197F6D9198FF28600B47114 /* InfoPlist.strings */ = {
			isa = PBXVariantGroup;
			children = (
				D197F6DA198FF28600B47114 /* en */,
			);
			name = InfoPlist.strings;
			sourceTree = "<group>";
		};
/* End PBXVariantGroup section */

/* Begin XCBuildConfiguration section */
		D197F6DE198FF28600B47114 /* Debug */ = {
			isa = XCBuildConfiguration;
			buildSettings = {
				ALWAYS_SEARCH_USER_PATHS = NO;
				CLANG_CXX_LANGUAGE_STANDARD = "gnu++0x";
				CLANG_CXX_LIBRARY = "libc++";
				CLANG_ENABLE_MODULES = YES;
				CLANG_ENABLE_OBJC_ARC = YES;
				CLANG_WARN_BOOL_CONVERSION = YES;
				CLANG_WARN_CONSTANT_CONVERSION = YES;
				CLANG_WARN_DIRECT_OBJC_ISA_USAGE = YES_ERROR;
				CLANG_WARN_EMPTY_BODY = YES;
				CLANG_WARN_ENUM_CONVERSION = YES;
				CLANG_WARN_INT_CONVERSION = YES;
				CLANG_WARN_OBJC_ROOT_CLASS = YES_ERROR;
				CLANG_WARN__DUPLICATE_METHOD_MATCH = YES;
				"CODE_SIGN_IDENTITY[sdk=iphoneos*]" = "iPhone Developer";
				COPY_PHASE_STRIP = NO;
				GCC_C_LANGUAGE_STANDARD = gnu99;
				GCC_DYNAMIC_NO_PIC = NO;
				GCC_OPTIMIZATION_LEVEL = 0;
				GCC_PREPROCESSOR_DEFINITIONS = (
					"DEBUG=1",
					"$(inherited)",
				);
				GCC_SYMBOLS_PRIVATE_EXTERN = NO;
				GCC_WARN_64_TO_32_BIT_CONVERSION = YES;
				GCC_WARN_ABOUT_RETURN_TYPE = YES_ERROR;
				GCC_WARN_UNDECLARED_SELECTOR = YES;
				GCC_WARN_UNINITIALIZED_AUTOS = YES_AGGRESSIVE;
				GCC_WARN_UNUSED_FUNCTION = YES;
				GCC_WARN_UNUSED_VARIABLE = YES;
				IPHONEOS_DEPLOYMENT_TARGET = 7.1;
				ONLY_ACTIVE_ARCH = YES;
				SDKROOT = iphoneos;
				TARGETED_DEVICE_FAMILY = "1,2";
			};
			name = Debug;
		};
		D197F6DF198FF28600B47114 /* Release */ = {
			isa = XCBuildConfiguration;
			buildSettings = {
				ALWAYS_SEARCH_USER_PATHS = NO;
				CLANG_CXX_LANGUAGE_STANDARD = "gnu++0x";
				CLANG_CXX_LIBRARY = "libc++";
				CLANG_ENABLE_MODULES = YES;
				CLANG_ENABLE_OBJC_ARC = YES;
				CLANG_WARN_BOOL_CONVERSION = YES;
				CLANG_WARN_CONSTANT_CONVERSION = YES;
				CLANG_WARN_DIRECT_OBJC_ISA_USAGE = YES_ERROR;
				CLANG_WARN_EMPTY_BODY = YES;
				CLANG_WARN_ENUM_CONVERSION = YES;
				CLANG_WARN_INT_CONVERSION = YES;
				CLANG_WARN_OBJC_ROOT_CLASS = YES_ERROR;
				CLANG_WARN__DUPLICATE_METHOD_MATCH = YES;
				"CODE_SIGN_IDENTITY[sdk=iphoneos*]" = "iPhone Developer";
				COPY_PHASE_STRIP = YES;
				ENABLE_NS_ASSERTIONS = NO;
				GCC_C_LANGUAGE_STANDARD = gnu99;
				GCC_WARN_64_TO_32_BIT_CONVERSION = YES;
				GCC_WARN_ABOUT_RETURN_TYPE = YES_ERROR;
				GCC_WARN_UNDECLARED_SELECTOR = YES;
				GCC_WARN_UNINITIALIZED_AUTOS = YES_AGGRESSIVE;
				GCC_WARN_UNUSED_FUNCTION = YES;
				GCC_WARN_UNUSED_VARIABLE = YES;
				IPHONEOS_DEPLOYMENT_TARGET = 7.1;
				SDKROOT = iphoneos;
				TARGETED_DEVICE_FAMILY = "1,2";
				VALIDATE_PRODUCT = YES;
			};
			name = Release;
		};
		D197F6E1198FF28600B47114 /* Debug */ = {
			isa = XCBuildConfiguration;
			buildSettings = {
				ASSETCATALOG_COMPILER_APPICON_NAME = AppIcon;
				ASSETCATALOG_COMPILER_LAUNCHIMAGE_NAME = LaunchImage;
				GCC_PRECOMPILE_PREFIX_HEADER = YES;
				GCC_PREFIX_HEADER = "FTGame/FTGame-Prefix.pch";
				INFOPLIST_FILE = "FTGame/FTGame-Info.plist";
				PRODUCT_NAME = "$(TARGET_NAME)";
				WRAPPER_EXTENSION = app;
			};
			name = Debug;
		};
		D197F6E2198FF28600B47114 /* Release */ = {
			isa = XCBuildConfiguration;
			buildSettings = {
				ASSETCATALOG_COMPILER_APPICON_NAME = AppIcon;
				ASSETCATALOG_COMPILER_LAUNCHIMAGE_NAME = LaunchImage;
				GCC_PRECOMPILE_PREFIX_HEADER = YES;
				GCC_PREFIX_HEADER = "FTGame/FTGame-Prefix.pch";
				INFOPLIST_FILE = "FTGame/FTGame-Info.plist";
				PRODUCT_NAME = "$(TARGET_NAME)";
				WRAPPER_EXTENSION = app;
			};
			name = Release;
		};
		D197F6E4198FF28600B47114 /* Debug */ = {
			isa = XCBuildConfiguration;
			buildSettings = {
				BUNDLE_LOADER = "$(BUILT_PRODUCTS_DIR)/FTGame.app/FTGame";
				FRAMEWORK_SEARCH_PATHS = (
					"$(SDKROOT)/Developer/Library/Frameworks",
					"$(inherited)",
					"$(DEVELOPER_FRAMEWORKS_DIR)",
				);
				GCC_PRECOMPILE_PREFIX_HEADER = YES;
				GCC_PREFIX_HEADER = "FTGame/FTGame-Prefix.pch";
				GCC_PREPROCESSOR_DEFINITIONS = (
					"DEBUG=1",
					"$(inherited)",
				);
				INFOPLIST_FILE = "FTGameTests/FTGameTests-Info.plist";
				PRODUCT_NAME = "$(TARGET_NAME)";
				TEST_HOST = "$(BUNDLE_LOADER)";
				WRAPPER_EXTENSION = xctest;
			};
			name = Debug;
		};
		D197F6E5198FF28600B47114 /* Release */ = {
			isa = XCBuildConfiguration;
			buildSettings = {
				BUNDLE_LOADER = "$(BUILT_PRODUCTS_DIR)/FTGame.app/FTGame";
				FRAMEWORK_SEARCH_PATHS = (
					"$(SDKROOT)/Developer/Library/Frameworks",
					"$(inherited)",
					"$(DEVELOPER_FRAMEWORKS_DIR)",
				);
				GCC_PRECOMPILE_PREFIX_HEADER = YES;
				GCC_PREFIX_HEADER = "FTGame/FTGame-Prefix.pch";
				INFOPLIST_FILE = "FTGameTests/FTGameTests-Info.plist";
				PRODUCT_NAME = "$(TARGET_NAME)";
				TEST_HOST = "$(BUNDLE_LOADER)";
				WRAPPER_EXTENSION = xctest;
			};
			name = Release;
		};
/* End XCBuildConfiguration section */

/* Begin XCConfigurationList section */
		D197F6A6198FF28600B47114 /* Build configuration list for PBXProject "FTGame" */ = {
			isa = XCConfigurationList;
			buildConfigurations = (
				D197F6DE198FF28600B47114 /* Debug */,
				D197F6DF198FF28600B47114 /* Release */,
			);
			defaultConfigurationIsVisible = 0;
			defaultConfigurationName = Release;
		};
		D197F6E0198FF28600B47114 /* Build configuration list for PBXNativeTarget "FTGame" */ = {
			isa = XCConfigurationList;
			buildConfigurations = (
				D197F6E1198FF28600B47114 /* Debug */,
				D197F6E2198FF28600B47114 /* Release */,
			);
			defaultConfigurationIsVisible = 0;
		};
		D197F6E3198FF28600B47114 /* Build configuration list for PBXNativeTarget "FTGameTests" */ = {
			isa = XCConfigurationList;
			buildConfigurations = (
				D197F6E4198FF28600B47114 /* Debug */,
				D197F6E5198FF28600B47114 /* Release */,
			);
			defaultConfigurationIsVisible = 0;
		};
/* End XCConfigurationList section */
	};
	rootObject = D197F6A3198FF28600B47114 /* Project object */;
}
